// !$*UTF8*$!
{
	archiveVersion = 1;
	classes = {
	};
	objectVersion = 46;
	objects = {

/* Begin PBXBuildFile section */
		AF4BEFEC194CA02B00FADD44 /* Foundation.framework in Frameworks */ = {isa = PBXBuildFile; fileRef = AF4BEFEB194CA02B00FADD44 /* Foundation.framework */; };
		AF4BEFEE194CA02B00FADD44 /* CoreGraphics.framework in Frameworks */ = {isa = PBXBuildFile; fileRef = AF4BEFED194CA02B00FADD44 /* CoreGraphics.framework */; };
		AF4BEFF0194CA02B00FADD44 /* UIKit.framework in Frameworks */ = {isa = PBXBuildFile; fileRef = AF4BEFEF194CA02B00FADD44 /* UIKit.framework */; };
		AF4BEFF6194CA02B00FADD44 /* InfoPlist.strings in Resources */ = {isa = PBXBuildFile; fileRef = AF4BEFF4194CA02B00FADD44 /* InfoPlist.strings */; };
		AF4BEFF8194CA02B00FADD44 /* main.m in Sources */ = {isa = PBXBuildFile; fileRef = AF4BEFF7194CA02B00FADD44 /* main.m */; };
		AF4BEFFC194CA02B00FADD44 /* AppDelegate.m in Sources */ = {isa = PBXBuildFile; fileRef = AF4BEFFB194CA02B00FADD44 /* AppDelegate.m */; };
		AF4BEFFF194CA02B00FADD44 /* Main_iPhone.storyboard in Resources */ = {isa = PBXBuildFile; fileRef = AF4BEFFD194CA02B00FADD44 /* Main_iPhone.storyboard */; };
		AF4BF002194CA02B00FADD44 /* Main_iPad.storyboard in Resources */ = {isa = PBXBuildFile; fileRef = AF4BF000194CA02B00FADD44 /* Main_iPad.storyboard */; };
		AF4BF005194CA02B00FADD44 /* ViewController.m in Sources */ = {isa = PBXBuildFile; fileRef = AF4BF004194CA02B00FADD44 /* ViewController.m */; };
		AF4BF007194CA02B00FADD44 /* Images.xcassets in Resources */ = {isa = PBXBuildFile; fileRef = AF4BF006194CA02B00FADD44 /* Images.xcassets */; };
		AF4BF00E194CA02B00FADD44 /* XCTest.framework in Frameworks */ = {isa = PBXBuildFile; fileRef = AF4BF00D194CA02B00FADD44 /* XCTest.framework */; };
		AF4BF00F194CA02B00FADD44 /* Foundation.framework in Frameworks */ = {isa = PBXBuildFile; fileRef = AF4BEFEB194CA02B00FADD44 /* Foundation.framework */; };
		AF4BF010194CA02B00FADD44 /* UIKit.framework in Frameworks */ = {isa = PBXBuildFile; fileRef = AF4BEFEF194CA02B00FADD44 /* UIKit.framework */; };
		AF4BF018194CA02B00FADD44 /* InfoPlist.strings in Resources */ = {isa = PBXBuildFile; fileRef = AF4BF016194CA02B00FADD44 /* InfoPlist.strings */; };
		AF4BF01A194CA02B00FADD44 /* DMCrookedSwiperTests.m in Sources */ = {isa = PBXBuildFile; fileRef = AF4BF019194CA02B00FADD44 /* DMCrookedSwiperTests.m */; };
		AF4BF025194CA0DA00FADD44 /* DMCrookedSwipeView.m in Sources */ = {isa = PBXBuildFile; fileRef = AF4BF024194CA0DA00FADD44 /* DMCrookedSwipeView.m */; };
/* End PBXBuildFile section */

/* Begin PBXContainerItemProxy section */
		AF4BF011194CA02B00FADD44 /* PBXContainerItemProxy */ = {
			isa = PBXContainerItemProxy;
			containerPortal = AF4BEFE0194CA02A00FADD44 /* Project object */;
			proxyType = 1;
			remoteGlobalIDString = AF4BEFE7194CA02A00FADD44;
			remoteInfo = DMCrookedSwiper;
		};
/* End PBXContainerItemProxy section */

/* Begin PBXFileReference section */
		AF4BEFE8194CA02A00FADD44 /* DMCrookedSwiper.app */ = {isa = PBXFileReference; explicitFileType = wrapper.application; includeInIndex = 0; path = DMCrookedSwiper.app; sourceTree = BUILT_PRODUCTS_DIR; };
		AF4BEFEB194CA02B00FADD44 /* Foundation.framework */ = {isa = PBXFileReference; lastKnownFileType = wrapper.framework; name = Foundation.framework; path = System/Library/Frameworks/Foundation.framework; sourceTree = SDKROOT; };
		AF4BEFED194CA02B00FADD44 /* CoreGraphics.framework */ = {isa = PBXFileReference; lastKnownFileType = wrapper.framework; name = CoreGraphics.framework; path = System/Library/Frameworks/CoreGraphics.framework; sourceTree = SDKROOT; };
		AF4BEFEF194CA02B00FADD44 /* UIKit.framework */ = {isa = PBXFileReference; lastKnownFileType = wrapper.framework; name = UIKit.framework; path = System/Library/Frameworks/UIKit.framework; sourceTree = SDKROOT; };
		AF4BEFF3194CA02B00FADD44 /* DMCrookedSwiper-Info.plist */ = {isa = PBXFileReference; lastKnownFileType = text.plist.xml; path = "DMCrookedSwiper-Info.plist"; sourceTree = "<group>"; };
		AF4BEFF5194CA02B00FADD44 /* en */ = {isa = PBXFileReference; lastKnownFileType = text.plist.strings; name = en; path = en.lproj/InfoPlist.strings; sourceTree = "<group>"; };
		AF4BEFF7194CA02B00FADD44 /* main.m */ = {isa = PBXFileReference; lastKnownFileType = sourcecode.c.objc; path = main.m; sourceTree = "<group>"; };
		AF4BEFF9194CA02B00FADD44 /* DMCrookedSwiper-Prefix.pch */ = {isa = PBXFileReference; lastKnownFileType = sourcecode.c.h; path = "DMCrookedSwiper-Prefix.pch"; sourceTree = "<group>"; };
		AF4BEFFA194CA02B00FADD44 /* AppDelegate.h */ = {isa = PBXFileReference; lastKnownFileType = sourcecode.c.h; path = AppDelegate.h; sourceTree = "<group>"; };
		AF4BEFFB194CA02B00FADD44 /* AppDelegate.m */ = {isa = PBXFileReference; lastKnownFileType = sourcecode.c.objc; path = AppDelegate.m; sourceTree = "<group>"; };
		AF4BEFFE194CA02B00FADD44 /* Base */ = {isa = PBXFileReference; lastKnownFileType = file.storyboard; name = Base; path = Base.lproj/Main_iPhone.storyboard; sourceTree = "<group>"; };
		AF4BF001194CA02B00FADD44 /* Base */ = {isa = PBXFileReference; lastKnownFileType = file.storyboard; name = Base; path = Base.lproj/Main_iPad.storyboard; sourceTree = "<group>"; };
		AF4BF003194CA02B00FADD44 /* ViewController.h */ = {isa = PBXFileReference; lastKnownFileType = sourcecode.c.h; path = ViewController.h; sourceTree = "<group>"; };
		AF4BF004194CA02B00FADD44 /* ViewController.m */ = {isa = PBXFileReference; lastKnownFileType = sourcecode.c.objc; path = ViewController.m; sourceTree = "<group>"; };
		AF4BF006194CA02B00FADD44 /* Images.xcassets */ = {isa = PBXFileReference; lastKnownFileType = folder.assetcatalog; path = Images.xcassets; sourceTree = "<group>"; };
		AF4BF00C194CA02B00FADD44 /* DMCrookedSwiperTests.xctest */ = {isa = PBXFileReference; explicitFileType = wrapper.cfbundle; includeInIndex = 0; path = DMCrookedSwiperTests.xctest; sourceTree = BUILT_PRODUCTS_DIR; };
		AF4BF00D194CA02B00FADD44 /* XCTest.framework */ = {isa = PBXFileReference; lastKnownFileType = wrapper.framework; name = XCTest.framework; path = Library/Frameworks/XCTest.framework; sourceTree = DEVELOPER_DIR; };
		AF4BF015194CA02B00FADD44 /* DMCrookedSwiperTests-Info.plist */ = {isa = PBXFileReference; lastKnownFileType = text.plist.xml; path = "DMCrookedSwiperTests-Info.plist"; sourceTree = "<group>"; };
		AF4BF017194CA02B00FADD44 /* en */ = {isa = PBXFileReference; lastKnownFileType = text.plist.strings; name = en; path = en.lproj/InfoPlist.strings; sourceTree = "<group>"; };
		AF4BF019194CA02B00FADD44 /* DMCrookedSwiperTests.m */ = {isa = PBXFileReference; lastKnownFileType = sourcecode.c.objc; path = DMCrookedSwiperTests.m; sourceTree = "<group>"; };
		AF4BF023194CA0DA00FADD44 /* DMCrookedSwipeView.h */ = {isa = PBXFileReference; fileEncoding = 4; lastKnownFileType = sourcecode.c.h; path = DMCrookedSwipeView.h; sourceTree = "<group>"; };
		AF4BF024194CA0DA00FADD44 /* DMCrookedSwipeView.m */ = {isa = PBXFileReference; fileEncoding = 4; lastKnownFileType = sourcecode.c.objc; path = DMCrookedSwipeView.m; sourceTree = "<group>"; };
/* End PBXFileReference section */

/* Begin PBXFrameworksBuildPhase section */
		AF4BEFE5194CA02A00FADD44 /* Frameworks */ = {
			isa = PBXFrameworksBuildPhase;
			buildActionMask = 2147483647;
			files = (
				AF4BEFEE194CA02B00FADD44 /* CoreGraphics.framework in Frameworks */,
				AF4BEFF0194CA02B00FADD44 /* UIKit.framework in Frameworks */,
				AF4BEFEC194CA02B00FADD44 /* Foundation.framework in Frameworks */,
			);
			runOnlyForDeploymentPostprocessing = 0;
		};
		AF4BF009194CA02B00FADD44 /* Frameworks */ = {
			isa = PBXFrameworksBuildPhase;
			buildActionMask = 2147483647;
			files = (
				AF4BF00E194CA02B00FADD44 /* XCTest.framework in Frameworks */,
				AF4BF010194CA02B00FADD44 /* UIKit.framework in Frameworks */,
				AF4BF00F194CA02B00FADD44 /* Foundation.framework in Frameworks */,
			);
			runOnlyForDeploymentPostprocessing = 0;
		};
/* End PBXFrameworksBuildPhase section */

/* Begin PBXGroup section */
		AF4BEFDF194CA02A00FADD44 = {
			isa = PBXGroup;
			children = (
				AF4BEFF1194CA02B00FADD44 /* DMCrookedSwiper */,
				AF4BF013194CA02B00FADD44 /* DMCrookedSwiperTests */,
				AF4BEFEA194CA02B00FADD44 /* Frameworks */,
				AF4BEFE9194CA02A00FADD44 /* Products */,
			);
			sourceTree = "<group>";
		};
		AF4BEFE9194CA02A00FADD44 /* Products */ = {
			isa = PBXGroup;
			children = (
				AF4BEFE8194CA02A00FADD44 /* DMCrookedSwiper.app */,
				AF4BF00C194CA02B00FADD44 /* DMCrookedSwiperTests.xctest */,
			);
			name = Products;
			sourceTree = "<group>";
		};
		AF4BEFEA194CA02B00FADD44 /* Frameworks */ = {
			isa = PBXGroup;
			children = (
				AF4BEFEB194CA02B00FADD44 /* Foundation.framework */,
				AF4BEFED194CA02B00FADD44 /* CoreGraphics.framework */,
				AF4BEFEF194CA02B00FADD44 /* UIKit.framework */,
				AF4BF00D194CA02B00FADD44 /* XCTest.framework */,
			);
			name = Frameworks;
			sourceTree = "<group>";
		};
		AF4BEFF1194CA02B00FADD44 /* DMCrookedSwiper */ = {
			isa = PBXGroup;
			children = (
				AF4BEFFA194CA02B00FADD44 /* AppDelegate.h */,
				AF4BEFFB194CA02B00FADD44 /* AppDelegate.m */,
				AF4BEFFD194CA02B00FADD44 /* Main_iPhone.storyboard */,
				AF4BF000194CA02B00FADD44 /* Main_iPad.storyboard */,
				AF4BF003194CA02B00FADD44 /* ViewController.h */,
				AF4BF004194CA02B00FADD44 /* ViewController.m */,
				AF4BF023194CA0DA00FADD44 /* DMCrookedSwipeView.h */,
				AF4BF024194CA0DA00FADD44 /* DMCrookedSwipeView.m */,
				AF4BF006194CA02B00FADD44 /* Images.xcassets */,
				AF4BEFF2194CA02B00FADD44 /* Supporting Files */,
			);
			path = DMCrookedSwiper;
			sourceTree = "<group>";
		};
		AF4BEFF2194CA02B00FADD44 /* Supporting Files */ = {
			isa = PBXGroup;
			children = (
				AF4BEFF3194CA02B00FADD44 /* DMCrookedSwiper-Info.plist */,
				AF4BEFF4194CA02B00FADD44 /* InfoPlist.strings */,
				AF4BEFF7194CA02B00FADD44 /* main.m */,
				AF4BEFF9194CA02B00FADD44 /* DMCrookedSwiper-Prefix.pch */,
			);
			name = "Supporting Files";
			sourceTree = "<group>";
		};
		AF4BF013194CA02B00FADD44 /* DMCrookedSwiperTests */ = {
			isa = PBXGroup;
			children = (
				AF4BF019194CA02B00FADD44 /* DMCrookedSwiperTests.m */,
				AF4BF014194CA02B00FADD44 /* Supporting Files */,
			);
			path = DMCrookedSwiperTests;
			sourceTree = "<group>";
		};
		AF4BF014194CA02B00FADD44 /* Supporting Files */ = {
			isa = PBXGroup;
			children = (
				AF4BF015194CA02B00FADD44 /* DMCrookedSwiperTests-Info.plist */,
				AF4BF016194CA02B00FADD44 /* InfoPlist.strings */,
			);
			name = "Supporting Files";
			sourceTree = "<group>";
		};
/* End PBXGroup section */

/* Begin PBXNativeTarget section */
		AF4BEFE7194CA02A00FADD44 /* DMCrookedSwiper */ = {
			isa = PBXNativeTarget;
			buildConfigurationList = AF4BF01D194CA02B00FADD44 /* Build configuration list for PBXNativeTarget "DMCrookedSwiper" */;
			buildPhases = (
				AF4BEFE4194CA02A00FADD44 /* Sources */,
				AF4BEFE5194CA02A00FADD44 /* Frameworks */,
				AF4BEFE6194CA02A00FADD44 /* Resources */,
			);
			buildRules = (
			);
			dependencies = (
			);
			name = DMCrookedSwiper;
			productName = DMCrookedSwiper;
			productReference = AF4BEFE8194CA02A00FADD44 /* DMCrookedSwiper.app */;
			productType = "com.apple.product-type.application";
		};
		AF4BF00B194CA02B00FADD44 /* DMCrookedSwiperTests */ = {
			isa = PBXNativeTarget;
			buildConfigurationList = AF4BF020194CA02B00FADD44 /* Build configuration list for PBXNativeTarget "DMCrookedSwiperTests" */;
			buildPhases = (
				AF4BF008194CA02B00FADD44 /* Sources */,
				AF4BF009194CA02B00FADD44 /* Frameworks */,
				AF4BF00A194CA02B00FADD44 /* Resources */,
			);
			buildRules = (
			);
			dependencies = (
				AF4BF012194CA02B00FADD44 /* PBXTargetDependency */,
			);
			name = DMCrookedSwiperTests;
			productName = DMCrookedSwiperTests;
			productReference = AF4BF00C194CA02B00FADD44 /* DMCrookedSwiperTests.xctest */;
			productType = "com.apple.product-type.bundle.unit-test";
		};
/* End PBXNativeTarget section */

/* Begin PBXProject section */
		AF4BEFE0194CA02A00FADD44 /* Project object */ = {
			isa = PBXProject;
			attributes = {
				LastUpgradeCheck = 0510;
				ORGANIZATIONNAME = jp.co.mappy;
				TargetAttributes = {
					AF4BF00B194CA02B00FADD44 = {
						TestTargetID = AF4BEFE7194CA02A00FADD44;
					};
				};
			};
			buildConfigurationList = AF4BEFE3194CA02A00FADD44 /* Build configuration list for PBXProject "DMCrookedSwiper" */;
			compatibilityVersion = "Xcode 3.2";
			developmentRegion = English;
			hasScannedForEncodings = 0;
			knownRegions = (
				en,
				Base,
			);
			mainGroup = AF4BEFDF194CA02A00FADD44;
			productRefGroup = AF4BEFE9194CA02A00FADD44 /* Products */;
			projectDirPath = "";
			projectRoot = "";
			targets = (
				AF4BEFE7194CA02A00FADD44 /* DMCrookedSwiper */,
				AF4BF00B194CA02B00FADD44 /* DMCrookedSwiperTests */,
			);
		};
/* End PBXProject section */

/* Begin PBXResourcesBuildPhase section */
		AF4BEFE6194CA02A00FADD44 /* Resources */ = {
			isa = PBXResourcesBuildPhase;
			buildActionMask = 2147483647;
			files = (
				AF4BF002194CA02B00FADD44 /* Main_iPad.storyboard in Resources */,
				AF4BF007194CA02B00FADD44 /* Images.xcassets in Resources */,
				AF4BEFFF194CA02B00FADD44 /* Main_iPhone.storyboard in Resources */,
				AF4BEFF6194CA02B00FADD44 /* InfoPlist.strings in Resources */,
			);
			runOnlyForDeploymentPostprocessing = 0;
		};
		AF4BF00A194CA02B00FADD44 /* Resources */ = {
			isa = PBXResourcesBuildPhase;
			buildActionMask = 2147483647;
			files = (
				AF4BF018194CA02B00FADD44 /* InfoPlist.strings in Resources */,
			);
			runOnlyForDeploymentPostprocessing = 0;
		};
/* End PBXResourcesBuildPhase section */

/* Begin PBXSourcesBuildPhase section */
		AF4BEFE4194CA02A00FADD44 /* Sources */ = {
			isa = PBXSourcesBuildPhase;
			buildActionMask = 2147483647;
			files = (
				AF4BF005194CA02B00FADD44 /* ViewController.m in Sources */,
				AF4BEFFC194CA02B00FADD44 /* AppDelegate.m in Sources */,
				AF4BF025194CA0DA00FADD44 /* DMCrookedSwipeView.m in Sources */,
				AF4BEFF8194CA02B00FADD44 /* main.m in Sources */,
			);
			runOnlyForDeploymentPostprocessing = 0;
		};
		AF4BF008194CA02B00FADD44 /* Sources */ = {
			isa = PBXSourcesBuildPhase;
			buildActionMask = 2147483647;
			files = (
				AF4BF01A194CA02B00FADD44 /* DMCrookedSwiperTests.m in Sources */,
			);
			runOnlyForDeploymentPostprocessing = 0;
		};
/* End PBXSourcesBuildPhase section */

/* Begin PBXTargetDependency section */
		AF4BF012194CA02B00FADD44 /* PBXTargetDependency */ = {
			isa = PBXTargetDependency;
			target = AF4BEFE7194CA02A00FADD44 /* DMCrookedSwiper */;
			targetProxy = AF4BF011194CA02B00FADD44 /* PBXContainerItemProxy */;
		};
/* End PBXTargetDependency section */

/* Begin PBXVariantGroup section */
		AF4BEFF4194CA02B00FADD44 /* InfoPlist.strings */ = {
			isa = PBXVariantGroup;
			children = (
				AF4BEFF5194CA02B00FADD44 /* en */,
			);
			name = InfoPlist.strings;
			sourceTree = "<group>";
		};
		AF4BEFFD194CA02B00FADD44 /* Main_iPhone.storyboard */ = {
			isa = PBXVariantGroup;
			children = (
				AF4BEFFE194CA02B00FADD44 /* Base */,
			);
			name = Main_iPhone.storyboard;
			sourceTree = "<group>";
		};
		AF4BF000194CA02B00FADD44 /* Main_iPad.storyboard */ = {
			isa = PBXVariantGroup;
			children = (
				AF4BF001194CA02B00FADD44 /* Base */,
			);
			name = Main_iPad.storyboard;
			sourceTree = "<group>";
		};
		AF4BF016194CA02B00FADD44 /* InfoPlist.strings */ = {
			isa = PBXVariantGroup;
			children = (
				AF4BF017194CA02B00FADD44 /* en */,
			);
			name = InfoPlist.strings;
			sourceTree = "<group>";
		};
/* End PBXVariantGroup section */

/* Begin XCBuildConfiguration section */
		AF4BF01B194CA02B00FADD44 /* Debug */ = {
			isa = XCBuildConfiguration;
			buildSettings = {
				ALWAYS_SEARCH_USER_PATHS = NO;
				CLANG_CXX_LANGUAGE_STANDARD = "gnu++0x";
				CLANG_CXX_LIBRARY = "libc++";
				CLANG_ENABLE_MODULES = YES;
				CLANG_ENABLE_OBJC_ARC = YES;
				CLANG_WARN_BOOL_CONVERSION = YES;
				CLANG_WARN_CONSTANT_CONVERSION = YES;
				CLANG_WARN_DIRECT_OBJC_ISA_USAGE = YES_ERROR;
				CLANG_WARN_EMPTY_BODY = YES;
				CLANG_WARN_ENUM_CONVERSION = YES;
				CLANG_WARN_INT_CONVERSION = YES;
				CLANG_WARN_OBJC_ROOT_CLASS = YES_ERROR;
				CLANG_WARN__DUPLICATE_METHOD_MATCH = YES;
				"CODE_SIGN_IDENTITY[sdk=iphoneos*]" = "iPhone Developer";
				COPY_PHASE_STRIP = NO;
				GCC_C_LANGUAGE_STANDARD = gnu99;
				GCC_DYNAMIC_NO_PIC = NO;
				GCC_OPTIMIZATION_LEVEL = 0;
				GCC_PREPROCESSOR_DEFINITIONS = (
					"DEBUG=1",
					"$(inherited)",
				);
				GCC_SYMBOLS_PRIVATE_EXTERN = NO;
				GCC_WARN_64_TO_32_BIT_CONVERSION = YES;
				GCC_WARN_ABOUT_RETURN_TYPE = YES_ERROR;
				GCC_WARN_UNDECLARED_SELECTOR = YES;
				GCC_WARN_UNINITIALIZED_AUTOS = YES_AGGRESSIVE;
				GCC_WARN_UNUSED_FUNCTION = YES;
				GCC_WARN_UNUSED_VARIABLE = YES;
				IPHONEOS_DEPLOYMENT_TARGET = 7.1;
				ONLY_ACTIVE_ARCH = YES;
				SDKROOT = iphoneos;
				TARGETED_DEVICE_FAMILY = "1,2";
			};
			name = Debug;
		};
		AF4BF01C194CA02B00FADD44 /* Release */ = {
			isa = XCBuildConfiguration;
			buildSettings = {
				ALWAYS_SEARCH_USER_PATHS = NO;
				CLANG_CXX_LANGUAGE_STANDARD = "gnu++0x";
				CLANG_CXX_LIBRARY = "libc++";
				CLANG_ENABLE_MODULES = YES;
				CLANG_ENABLE_OBJC_ARC = YES;
				CLANG_WARN_BOOL_CONVERSION = YES;
				CLANG_WARN_CONSTANT_CONVERSION = YES;
				CLANG_WARN_DIRECT_OBJC_ISA_USAGE = YES_ERROR;
				CLANG_WARN_EMPTY_BODY = YES;
				CLANG_WARN_ENUM_CONVERSION = YES;
				CLANG_WARN_INT_CONVERSION = YES;
				CLANG_WARN_OBJC_ROOT_CLASS = YES_ERROR;
				CLANG_WARN__DUPLICATE_METHOD_MATCH = YES;
				"CODE_SIGN_IDENTITY[sdk=iphoneos*]" = "iPhone Developer";
				COPY_PHASE_STRIP = YES;
				ENABLE_NS_ASSERTIONS = NO;
				GCC_C_LANGUAGE_STANDARD = gnu99;
				GCC_WARN_64_TO_32_BIT_CONVERSION = YES;
				GCC_WARN_ABOUT_RETURN_TYPE = YES_ERROR;
				GCC_WARN_UNDECLARED_SELECTOR = YES;
				GCC_WARN_UNINITIALIZED_AUTOS = YES_AGGRESSIVE;
				GCC_WARN_UNUSED_FUNCTION = YES;
				GCC_WARN_UNUSED_VARIABLE = YES;
				IPHONEOS_DEPLOYMENT_TARGET = 7.1;
				SDKROOT = iphoneos;
				TARGETED_DEVICE_FAMILY = "1,2";
				VALIDATE_PRODUCT = YES;
			};
			name = Release;
		};
		AF4BF01E194CA02B00FADD44 /* Debug */ = {
			isa = XCBuildConfiguration;
			buildSettings = {
				ASSETCATALOG_COMPILER_APPICON_NAME = AppIcon;
				ASSETCATALOG_COMPILER_LAUNCHIMAGE_NAME = LaunchImage;
				CODE_SIGN_IDENTITY = "iPhone Developer: Daisuke Masuhara (7DDW2PTU3E)";
				GCC_PRECOMPILE_PREFIX_HEADER = YES;
				GCC_PREFIX_HEADER = "DMCrookedSwiper/DMCrookedSwiper-Prefix.pch";
				INFOPLIST_FILE = "DMCrookedSwiper/DMCrookedSwiper-Info.plist";
				IPHONEOS_DEPLOYMENT_TARGET = 7.0;
				PRODUCT_NAME = "$(TARGET_NAME)";
				WRAPPER_EXTENSION = app;
			};
			name = Debug;
		};
		AF4BF01F194CA02B00FADD44 /* Release */ = {
			isa = XCBuildConfiguration;
			buildSettings = {
				ASSETCATALOG_COMPILER_APPICON_NAME = AppIcon;
				ASSETCATALOG_COMPILER_LAUNCHIMAGE_NAME = LaunchImage;
				CODE_SIGN_IDENTITY = "iPhone Developer: Daisuke Masuhara (7DDW2PTU3E)";
				GCC_PRECOMPILE_PREFIX_HEADER = YES;
				GCC_PREFIX_HEADER = "DMCrookedSwiper/DMCrookedSwiper-Prefix.pch";
				INFOPLIST_FILE = "DMCrookedSwiper/DMCrookedSwiper-Info.plist";
				IPHONEOS_DEPLOYMENT_TARGET = 7.0;
				PRODUCT_NAME = "$(TARGET_NAME)";
				WRAPPER_EXTENSION = app;
			};
			name = Release;
		};
		AF4BF021194CA02B00FADD44 /* Debug */ = {
			isa = XCBuildConfiguration;
			buildSettings = {
				BUNDLE_LOADER = "$(BUILT_PRODUCTS_DIR)/DMCrookedSwiper.app/DMCrookedSwiper";
				FRAMEWORK_SEARCH_PATHS = (
					"$(SDKROOT)/Developer/Library/Frameworks",
					"$(inherited)",
					"$(DEVELOPER_FRAMEWORKS_DIR)",
				);
				GCC_PRECOMPILE_PREFIX_HEADER = YES;
				GCC_PREFIX_HEADER = "DMCrookedSwiper/DMCrookedSwiper-Prefix.pch";
				GCC_PREPROCESSOR_DEFINITIONS = (
					"DEBUG=1",
					"$(inherited)",
				);
				INFOPLIST_FILE = "DMCrookedSwiperTests/DMCrookedSwiperTests-Info.plist";
				PRODUCT_NAME = "$(TARGET_NAME)";
				TEST_HOST = "$(BUNDLE_LOADER)";
				WRAPPER_EXTENSION = xctest;
			};
			name = Debug;
		};
		AF4BF022194CA02B00FADD44 /* Release */ = {
			isa = XCBuildConfiguration;
			buildSettings = {
				BUNDLE_LOADER = "$(BUILT_PRODUCTS_DIR)/DMCrookedSwiper.app/DMCrookedSwiper";
				FRAMEWORK_SEARCH_PATHS = (
					"$(SDKROOT)/Developer/Library/Frameworks",
					"$(inherited)",
					"$(DEVELOPER_FRAMEWORKS_DIR)",
				);
				GCC_PRECOMPILE_PREFIX_HEADER = YES;
				GCC_PREFIX_HEADER = "DMCrookedSwiper/DMCrookedSwiper-Prefix.pch";
				INFOPLIST_FILE = "DMCrookedSwiperTests/DMCrookedSwiperTests-Info.plist";
				PRODUCT_NAME = "$(TARGET_NAME)";
				TEST_HOST = "$(BUNDLE_LOADER)";
				WRAPPER_EXTENSION = xctest;
			};
			name = Release;
		};
/* End XCBuildConfiguration section */

/* Begin XCConfigurationList section */
		AF4BEFE3194CA02A00FADD44 /* Build configuration list for PBXProject "DMCrookedSwiper" */ = {
			isa = XCConfigurationList;
			buildConfigurations = (
				AF4BF01B194CA02B00FADD44 /* Debug */,
				AF4BF01C194CA02B00FADD44 /* Release */,
			);
			defaultConfigurationIsVisible = 0;
			defaultConfigurationName = Release;
		};
		AF4BF01D194CA02B00FADD44 /* Build configuration list for PBXNativeTarget "DMCrookedSwiper" */ = {
			isa = XCConfigurationList;
			buildConfigurations = (
				AF4BF01E194CA02B00FADD44 /* Debug */,
				AF4BF01F194CA02B00FADD44 /* Release */,
			);
			defaultConfigurationIsVisible = 0;
		};
		AF4BF020194CA02B00FADD44 /* Build configuration list for PBXNativeTarget "DMCrookedSwiperTests" */ = {
			isa = XCConfigurationList;
			buildConfigurations = (
				AF4BF021194CA02B00FADD44 /* Debug */,
				AF4BF022194CA02B00FADD44 /* Release */,
			);
			defaultConfigurationIsVisible = 0;
		};
/* End XCConfigurationList section */
	};
	rootObject = AF4BEFE0194CA02A00FADD44 /* Project object */;
}
